{
  "name": "locktober-app",
  "version": "0.1.0",
  "lockfileVersion": 3,
  "requires": true,
  "packages": {
    "": {
      "name": "locktober-app",
      "version": "0.1.0",
      "private": true,
      "dependencies": {
        "next": "14.0.0",
        "react": "18.2.0",
        "react-dom": "18.2.0",
        "lucide-react": "0.292.0"
      },
      "devDependencies": {
        "tailwindcss": "3.3.6",
        "postcss": "8.4.31",
        "autoprefixer": "10.4.16"
      }
    },
    "node_modules/next": {
      "version": "14.0.0",
      "resolved": "https://registry.npmjs.org/next/-/next-14.0.0.tgz",
      "dependencies": {
        "react": "18.2.0",
        "react-dom": "18.2.0"
      }
    },
    "node_modules/react": {
      "version": "18.2.0",
      "resolved": "https://registry.npmjs.org/react/-/react-18.2.0.tgz"
    },
    "node_modules/react-dom": {
      "version": "18.2.0",
      "resolved": "https://registry.npmjs.org/react-dom/-/react-dom-18.2.0.tgz",
      "dependencies": {
        "react": "18.2.0"
      }
    },
    "node_modules/lucide-react": {
      "version": "0.292.0",
      "resolved": "https://registry.npmjs.org/lucide-react/-/lucide-react-0.292.0.tgz"
    },
    "node_modules/tailwindcss": {
      "version": "3.3.6",
      "resolved": "https://registry.npmjs.org/tailwindcss/-/tailwindcss-3.3.6.tgz",
      "dependencies": {
        "postcss": "8.4.31"
      }
    },
    "node_modules/postcss": {
      "version": "8.4.31",
      "resolved": "https://registry.npmjs.org/postcss/-/postcss-8.4.31.tgz"
    },
    "node_modules/autoprefixer": {
      "version": "10.4.16",
      "resolved": "https://registry.npmjs.org/autoprefixer/-/autoprefixer-10.4.16.tgz",
      "dependencies": {
        "postcss": "8.4.31"
      }
    }
  }
}
